
Microsoft Visual Studio Solution File, Format Version 12.00
# Visual Studio 15
VisualStudioVersion = 15.0.26124.0
MinimumVisualStudioVersion = 15.0.26124.0
Project("{FAE04EC0-301F-11D3-BF4B-00C04F79EFBC}") = "RPS_Game_Refactored", "RPS_Game_Refactored\RPS_Game_Refactored.csproj", "{71F8014B-73C3-411E-B4E2-470C9D92B01C}"
EndProject
Project("{FAE04EC0-301F-11D3-BF4B-00C04F79EFBC}") = "RPS_Game_Refactored.Tests", "RPS_Game_Refactored.Tests\RPS_Game_Refactored.Tests.csproj", "{BD57AC82-AAB6-467D-8D42-FAE7DBDB0769}"
EndProject
Global
	GlobalSection(SolutionConfigurationPlatforms) = preSolution
		Debug|Any CPU = Debug|Any CPU
		Debug|x64 = Debug|x64
		Debug|x86 = Debug|x86
		Release|Any CPU = Release|Any CPU
		Release|x64 = Release|x64
		Release|x86 = Release|x86
	EndGlobalSection
	GlobalSection(SolutionProperties) = preSolution
		HideSolutionNode = FALSE
	EndGlobalSection
	GlobalSection(ProjectConfigurationPlatforms) = postSolution
		{71F8014B-73C3-411E-B4E2-470C9D92B01C}.Debug|Any CPU.ActiveCfg = Debug|Any CPU
		{71F8014B-73C3-411E-B4E2-470C9D92B01C}.Debug|Any CPU.Build.0 = Debug|Any CPU
		{71F8014B-73C3-411E-B4E2-470C9D92B01C}.Debug|x64.ActiveCfg = Debug|Any CPU
		{71F8014B-73C3-411E-B4E2-470C9D92B01C}.Debug|x64.Build.0 = Debug|Any CPU
		{71F8014B-73C3-411E-B4E2-470C9D92B01C}.Debug|x86.ActiveCfg = Debug|Any CPU
		{71F8014B-73C3-411E-B4E2-470C9D92B01C}.Debug|x86.Build.0 = Debug|Any CPU
		{71F8014B-73C3-411E-B4E2-470C9D92B01C}.Release|Any CPU.ActiveCfg = Release|Any CPU
		{71F8014B-73C3-411E-B4E2-470C9D92B01C}.Release|Any CPU.Build.0 = Release|Any CPU
		{71F8014B-73C3-411E-B4E2-470C9D92B01C}.Release|x64.ActiveCfg = Release|Any CPU
		{71F8014B-73C3-411E-B4E2-470C9D92B01C}.Release|x64.Build.0 = Release|Any CPU
		{71F8014B-73C3-411E-B4E2-470C9D92B01C}.Release|x86.ActiveCfg = Release|Any CPU
		{71F8014B-73C3-411E-B4E2-470C9D92B01C}.Release|x86.Build.0 = Release|Any CPU
		{BD57AC82-AAB6-467D-8D42-FAE7DBDB0769}.Debug|Any CPU.ActiveCfg = Debug|Any CPU
		{BD57AC82-AAB6-467D-8D42-FAE7DBDB0769}.Debug|Any CPU.Build.0 = Debug|Any CPU
		{BD57AC82-AAB6-467D-8D42-FAE7DBDB0769}.Debug|x64.ActiveCfg = Debug|Any CPU
		{BD57AC82-AAB6-467D-8D42-FAE7DBDB0769}.Debug|x64.Build.0 = Debug|Any CPU
		{BD57AC82-AAB6-467D-8D42-FAE7DBDB0769}.Debug|x86.ActiveCfg = Debug|Any CPU
		{BD57AC82-AAB6-467D-8D42-FAE7DBDB0769}.Debug|x86.Build.0 = Debug|Any CPU
		{BD57AC82-AAB6-467D-8D42-FAE7DBDB0769}.Release|Any CPU.ActiveCfg = Release|Any CPU
		{BD57AC82-AAB6-467D-8D42-FAE7DBDB0769}.Release|Any CPU.Build.0 = Release|Any CPU
		{BD57AC82-AAB6-467D-8D42-FAE7DBDB0769}.Release|x64.ActiveCfg = Release|Any CPU
		{BD57AC82-AAB6-467D-8D42-FAE7DBDB0769}.Release|x64.Build.0 = Release|Any CPU
		{BD57AC82-AAB6-467D-8D42-FAE7DBDB0769}.Release|x86.ActiveCfg = Release|Any CPU
		{BD57AC82-AAB6-467D-8D42-FAE7DBDB0769}.Release|x86.Build.0 = Release|Any CPU
	EndGlobalSection
EndGlobal
